{
  "originHash" : "39bfcf82f178e20ca18d5e44a8f0dce25558126b1bc527ca8b94f249b4b23c2d",
  "pins" : [
    {
      "identity" : "setting",
      "kind" : "remoteSourceControl",
      "location" : "https://github.com/aheze/Setting",
      "state" : {
        "revision" : "f506b13b2024fc3e7585b6e4f8290f6f1525127c",
        "version" : "1.0.1"
      }
    }
  ],
  "version" : 3
}
